
Microsoft Visual Studio Solution File, Format Version 12.00
# Visual Studio Version 16
VisualStudioVersion = 16.0.29709.97
MinimumVisualStudioVersion = 10.0.40219.1
Project("{F184B08F-C81C-45F6-A57F-5ABD9991F28F}") = "VentaRepuestos", "VentaRepuestos.vbproj", "{6F9FAA5C-E66C-4FD7-8EA0-99C7FB1A642B}"
EndProject
Project("{2150E333-8FDC-42A3-9474-1A3956D46DE8}") = "Generales", "Generales", "{2375CC96-F86E-4F4A-90C9-A14FA9FB86DD}"
EndProject
Project("{F184B08F-C81C-45F6-A57F-5ABD9991F28F}") = "CRF_CONEXIONES", "..\..\bin\FASE_MDOCUM2\GEN\CRFUSION_LIBRERIAS_GENERALES\CRF_CONEXIONES\CRF_CONEXIONES.vbproj", "{BDDDFF94-3947-49D0-A098-F2E3FE3E909B}"
EndProject
Project("{F184B08F-C81C-45F6-A57F-5ABD9991F28F}") = "FUN_CRFUSION", "..\..\bin\FASE_MDOCUM2\GEN\CRFUSION_LIBRERIAS_GENERALES\FUN_CRFUSION\FUN_CRFUSION.vbproj", "{8FDE4698-2B47-4E08-9D9A-09C2D6D754D4}"
EndProject
Global
	GlobalSection(SolutionConfigurationPlatforms) = preSolution
		Debug|Any CPU = Debug|Any CPU
		Debug|x64 = Debug|x64
		Debug|x86 = Debug|x86
		Ochentayseis|Any CPU = Ochentayseis|Any CPU
		Ochentayseis|x64 = Ochentayseis|x64
		Ochentayseis|x86 = Ochentayseis|x86
		Pruebas|Any CPU = Pruebas|Any CPU
		Pruebas|x64 = Pruebas|x64
		Pruebas|x86 = Pruebas|x86
		Release|Any CPU = Release|Any CPU
		Release|x64 = Release|x64
		Release|x86 = Release|x86
	EndGlobalSection
	GlobalSection(ProjectConfigurationPlatforms) = postSolution
		{6F9FAA5C-E66C-4FD7-8EA0-99C7FB1A642B}.Debug|Any CPU.ActiveCfg = Debug|Any CPU
		{6F9FAA5C-E66C-4FD7-8EA0-99C7FB1A642B}.Debug|Any CPU.Build.0 = Debug|Any CPU
		{6F9FAA5C-E66C-4FD7-8EA0-99C7FB1A642B}.Debug|x64.ActiveCfg = Debug|Any CPU
		{6F9FAA5C-E66C-4FD7-8EA0-99C7FB1A642B}.Debug|x64.Build.0 = Debug|Any CPU
		{6F9FAA5C-E66C-4FD7-8EA0-99C7FB1A642B}.Debug|x86.ActiveCfg = Debug|Any CPU
		{6F9FAA5C-E66C-4FD7-8EA0-99C7FB1A642B}.Debug|x86.Build.0 = Debug|Any CPU
		{6F9FAA5C-E66C-4FD7-8EA0-99C7FB1A642B}.Ochentayseis|Any CPU.ActiveCfg = Release|Any CPU
		{6F9FAA5C-E66C-4FD7-8EA0-99C7FB1A642B}.Ochentayseis|Any CPU.Build.0 = Release|Any CPU
		{6F9FAA5C-E66C-4FD7-8EA0-99C7FB1A642B}.Ochentayseis|x64.ActiveCfg = Release|Any CPU
		{6F9FAA5C-E66C-4FD7-8EA0-99C7FB1A642B}.Ochentayseis|x64.Build.0 = Release|Any CPU
		{6F9FAA5C-E66C-4FD7-8EA0-99C7FB1A642B}.Ochentayseis|x86.ActiveCfg = Release|Any CPU
		{6F9FAA5C-E66C-4FD7-8EA0-99C7FB1A642B}.Ochentayseis|x86.Build.0 = Release|Any CPU
		{6F9FAA5C-E66C-4FD7-8EA0-99C7FB1A642B}.Pruebas|Any CPU.ActiveCfg = Release|Any CPU
		{6F9FAA5C-E66C-4FD7-8EA0-99C7FB1A642B}.Pruebas|Any CPU.Build.0 = Release|Any CPU
		{6F9FAA5C-E66C-4FD7-8EA0-99C7FB1A642B}.Pruebas|x64.ActiveCfg = Release|Any CPU
		{6F9FAA5C-E66C-4FD7-8EA0-99C7FB1A642B}.Pruebas|x64.Build.0 = Release|Any CPU
		{6F9FAA5C-E66C-4FD7-8EA0-99C7FB1A642B}.Pruebas|x86.ActiveCfg = Release|Any CPU
		{6F9FAA5C-E66C-4FD7-8EA0-99C7FB1A642B}.Pruebas|x86.Build.0 = Release|Any CPU
		{6F9FAA5C-E66C-4FD7-8EA0-99C7FB1A642B}.Release|Any CPU.ActiveCfg = Release|Any CPU
		{6F9FAA5C-E66C-4FD7-8EA0-99C7FB1A642B}.Release|Any CPU.Build.0 = Release|Any CPU
		{6F9FAA5C-E66C-4FD7-8EA0-99C7FB1A642B}.Release|x64.ActiveCfg = Release|Any CPU
		{6F9FAA5C-E66C-4FD7-8EA0-99C7FB1A642B}.Release|x64.Build.0 = Release|Any CPU
		{6F9FAA5C-E66C-4FD7-8EA0-99C7FB1A642B}.Release|x86.ActiveCfg = Release|Any CPU
		{6F9FAA5C-E66C-4FD7-8EA0-99C7FB1A642B}.Release|x86.Build.0 = Release|Any CPU
		{BDDDFF94-3947-49D0-A098-F2E3FE3E909B}.Debug|Any CPU.ActiveCfg = Debug|Any CPU
		{BDDDFF94-3947-49D0-A098-F2E3FE3E909B}.Debug|Any CPU.Build.0 = Debug|Any CPU
		{BDDDFF94-3947-49D0-A098-F2E3FE3E909B}.Debug|x64.ActiveCfg = Debug|x64
		{BDDDFF94-3947-49D0-A098-F2E3FE3E909B}.Debug|x64.Build.0 = Debug|x64
		{BDDDFF94-3947-49D0-A098-F2E3FE3E909B}.Debug|x86.ActiveCfg = Debug|x86
		{BDDDFF94-3947-49D0-A098-F2E3FE3E909B}.Debug|x86.Build.0 = Debug|x86
		{BDDDFF94-3947-49D0-A098-F2E3FE3E909B}.Ochentayseis|Any CPU.ActiveCfg = Ochentayseis|Any CPU
		{BDDDFF94-3947-49D0-A098-F2E3FE3E909B}.Ochentayseis|Any CPU.Build.0 = Ochentayseis|Any CPU
		{BDDDFF94-3947-49D0-A098-F2E3FE3E909B}.Ochentayseis|x64.ActiveCfg = Ochentayseis|x64
		{BDDDFF94-3947-49D0-A098-F2E3FE3E909B}.Ochentayseis|x64.Build.0 = Ochentayseis|x64
		{BDDDFF94-3947-49D0-A098-F2E3FE3E909B}.Ochentayseis|x86.ActiveCfg = Ochentayseis|x86
		{BDDDFF94-3947-49D0-A098-F2E3FE3E909B}.Ochentayseis|x86.Build.0 = Ochentayseis|x86
		{BDDDFF94-3947-49D0-A098-F2E3FE3E909B}.Pruebas|Any CPU.ActiveCfg = Pruebas|Any CPU
		{BDDDFF94-3947-49D0-A098-F2E3FE3E909B}.Pruebas|Any CPU.Build.0 = Pruebas|Any CPU
		{BDDDFF94-3947-49D0-A098-F2E3FE3E909B}.Pruebas|x64.ActiveCfg = Pruebas|x64
		{BDDDFF94-3947-49D0-A098-F2E3FE3E909B}.Pruebas|x64.Build.0 = Pruebas|x64
		{BDDDFF94-3947-49D0-A098-F2E3FE3E909B}.Pruebas|x86.ActiveCfg = Pruebas|x86
		{BDDDFF94-3947-49D0-A098-F2E3FE3E909B}.Pruebas|x86.Build.0 = Pruebas|x86
		{BDDDFF94-3947-49D0-A098-F2E3FE3E909B}.Release|Any CPU.ActiveCfg = Release|Any CPU
		{BDDDFF94-3947-49D0-A098-F2E3FE3E909B}.Release|Any CPU.Build.0 = Release|Any CPU
		{BDDDFF94-3947-49D0-A098-F2E3FE3E909B}.Release|x64.ActiveCfg = Release|x64
		{BDDDFF94-3947-49D0-A098-F2E3FE3E909B}.Release|x64.Build.0 = Release|x64
		{BDDDFF94-3947-49D0-A098-F2E3FE3E909B}.Release|x86.ActiveCfg = Release|x86
		{BDDDFF94-3947-49D0-A098-F2E3FE3E909B}.Release|x86.Build.0 = Release|x86
		{8FDE4698-2B47-4E08-9D9A-09C2D6D754D4}.Debug|Any CPU.ActiveCfg = Debug|Any CPU
		{8FDE4698-2B47-4E08-9D9A-09C2D6D754D4}.Debug|Any CPU.Build.0 = Debug|Any CPU
		{8FDE4698-2B47-4E08-9D9A-09C2D6D754D4}.Debug|x64.ActiveCfg = Debug|x64
		{8FDE4698-2B47-4E08-9D9A-09C2D6D754D4}.Debug|x64.Build.0 = Debug|x64
		{8FDE4698-2B47-4E08-9D9A-09C2D6D754D4}.Debug|x86.ActiveCfg = Debug|x86
		{8FDE4698-2B47-4E08-9D9A-09C2D6D754D4}.Debug|x86.Build.0 = Debug|x86
		{8FDE4698-2B47-4E08-9D9A-09C2D6D754D4}.Ochentayseis|Any CPU.ActiveCfg = Ochentayseis|Any CPU
		{8FDE4698-2B47-4E08-9D9A-09C2D6D754D4}.Ochentayseis|Any CPU.Build.0 = Ochentayseis|Any CPU
		{8FDE4698-2B47-4E08-9D9A-09C2D6D754D4}.Ochentayseis|x64.ActiveCfg = Ochentayseis|x64
		{8FDE4698-2B47-4E08-9D9A-09C2D6D754D4}.Ochentayseis|x64.Build.0 = Ochentayseis|x64
		{8FDE4698-2B47-4E08-9D9A-09C2D6D754D4}.Ochentayseis|x86.ActiveCfg = Ochentayseis|x86
		{8FDE4698-2B47-4E08-9D9A-09C2D6D754D4}.Ochentayseis|x86.Build.0 = Ochentayseis|x86
		{8FDE4698-2B47-4E08-9D9A-09C2D6D754D4}.Pruebas|Any CPU.ActiveCfg = Pruebas|Any CPU
		{8FDE4698-2B47-4E08-9D9A-09C2D6D754D4}.Pruebas|Any CPU.Build.0 = Pruebas|Any CPU
		{8FDE4698-2B47-4E08-9D9A-09C2D6D754D4}.Pruebas|x64.ActiveCfg = Pruebas|x64
		{8FDE4698-2B47-4E08-9D9A-09C2D6D754D4}.Pruebas|x64.Build.0 = Pruebas|x64
		{8FDE4698-2B47-4E08-9D9A-09C2D6D754D4}.Pruebas|x86.ActiveCfg = Pruebas|x86
		{8FDE4698-2B47-4E08-9D9A-09C2D6D754D4}.Pruebas|x86.Build.0 = Pruebas|x86
		{8FDE4698-2B47-4E08-9D9A-09C2D6D754D4}.Release|Any CPU.ActiveCfg = Release|Any CPU
		{8FDE4698-2B47-4E08-9D9A-09C2D6D754D4}.Release|Any CPU.Build.0 = Release|Any CPU
		{8FDE4698-2B47-4E08-9D9A-09C2D6D754D4}.Release|x64.ActiveCfg = Release|x64
		{8FDE4698-2B47-4E08-9D9A-09C2D6D754D4}.Release|x64.Build.0 = Release|x64
		{8FDE4698-2B47-4E08-9D9A-09C2D6D754D4}.Release|x86.ActiveCfg = Release|x86
		{8FDE4698-2B47-4E08-9D9A-09C2D6D754D4}.Release|x86.Build.0 = Release|x86
	EndGlobalSection
	GlobalSection(SolutionProperties) = preSolution
		HideSolutionNode = FALSE
	EndGlobalSection
	GlobalSection(NestedProjects) = preSolution
		{BDDDFF94-3947-49D0-A098-F2E3FE3E909B} = {2375CC96-F86E-4F4A-90C9-A14FA9FB86DD}
		{8FDE4698-2B47-4E08-9D9A-09C2D6D754D4} = {2375CC96-F86E-4F4A-90C9-A14FA9FB86DD}
	EndGlobalSection
	GlobalSection(ExtensibilityGlobals) = postSolution
		SolutionGuid = {3B8D43C9-6EAC-4AFA-ADEF-ECF5FAE998FC}
	EndGlobalSection
EndGlobal
